<Solution>
  <Folder Name="/src/">
    <Project Path="src/Wooly.Cli/Wooly.Cli.csproj" />
    <Project Path="src/Wooly.Core/Wooly.Core.csproj" />
    <Project Path="src/Wooly.Tui/Wooly.Tui.csproj" />
  </Folder>
  <Folder Name="/tests/">
    <Project Path="tests/Wooly.Tests/Wooly.Tests.csproj" />
  </Folder>
  <Folder Name="/tests/integration/">
    <File Path="tests/integration/README.md" />
    <File Path="tests/integration/docker-compose.yml" />
    <File Path="tests/integration/Caddyfile" />
    <File Path="tests/integration/mastodon.env" />
    <File Path="tests/integration/seed.sh" />
  </Folder>
</Solution>
